
Microsoft Visual Studio Solution File, Format Version 12.00
# Visual Studio Version 17
VisualStudioVersion = 17.0.32112.339
MinimumVisualStudioVersion = 10.0.40219.1
Project("{9A19103F-16F7-4668-BE54-9A1E7A4F7556}") = "NLayer.Core", "NLayer.Core\NLayer.Core.csproj", "{72E8A47D-A3D7-4B45-A9BF-F057060B05A6}"
EndProject
Project("{9A19103F-16F7-4668-BE54-9A1E7A4F7556}") = "NLayer.Repository", "NLayer.Repository\NLayer.Repository.csproj", "{73ADA0F1-837F-40B9-AB25-4E71BBA8CE77}"
EndProject
Project("{9A19103F-16F7-4668-BE54-9A1E7A4F7556}") = "NLayer.Service", "NLayer.Service\NLayer.Service.csproj", "{5DBE7D33-BBF9-41FE-8FB4-7578986C22E2}"
EndProject
Project("{9A19103F-16F7-4668-BE54-9A1E7A4F7556}") = "NLayer.API", "NLayer.API\NLayer.API.csproj", "{6B4BE7EE-635F-4A6F-8F45-A05D17A55071}"
EndProject
Project("{9A19103F-16F7-4668-BE54-9A1E7A4F7556}") = "NLayer.Web", "NLayer.Web\NLayer.Web.csproj", "{EE6B5069-E5EF-44F1-8DB9-B5CBC3A6E7EB}"
EndProject
Project("{9A19103F-16F7-4668-BE54-9A1E7A4F7556}") = "NLayer.Caching", "NLayer.Caching\NLayer.Caching.csproj", "{FBA504F4-C9CA-4C8B-B94B-6485F8BC9A4C}"
EndProject
Project("{2150E333-8FDC-42A3-9474-1A3956D46DE8}") = "Ports", "Ports", "{59DC544D-FE3A-4651-A4BE-B2D3788AE81E}"
	ProjectSection(SolutionItems) = preProject
		Ports.txt = Ports.txt
	EndProjectSection
EndProject
Global
	GlobalSection(SolutionConfigurationPlatforms) = preSolution
		Debug|Any CPU = Debug|Any CPU
		Release|Any CPU = Release|Any CPU
	EndGlobalSection
	GlobalSection(ProjectConfigurationPlatforms) = postSolution
		{72E8A47D-A3D7-4B45-A9BF-F057060B05A6}.Debug|Any CPU.ActiveCfg = Debug|Any CPU
		{72E8A47D-A3D7-4B45-A9BF-F057060B05A6}.Debug|Any CPU.Build.0 = Debug|Any CPU
		{72E8A47D-A3D7-4B45-A9BF-F057060B05A6}.Release|Any CPU.ActiveCfg = Release|Any CPU
		{72E8A47D-A3D7-4B45-A9BF-F057060B05A6}.Release|Any CPU.Build.0 = Release|Any CPU
		{73ADA0F1-837F-40B9-AB25-4E71BBA8CE77}.Debug|Any CPU.ActiveCfg = Debug|Any CPU
		{73ADA0F1-837F-40B9-AB25-4E71BBA8CE77}.Debug|Any CPU.Build.0 = Debug|Any CPU
		{73ADA0F1-837F-40B9-AB25-4E71BBA8CE77}.Release|Any CPU.ActiveCfg = Release|Any CPU
		{73ADA0F1-837F-40B9-AB25-4E71BBA8CE77}.Release|Any CPU.Build.0 = Release|Any CPU
		{5DBE7D33-BBF9-41FE-8FB4-7578986C22E2}.Debug|Any CPU.ActiveCfg = Debug|Any CPU
		{5DBE7D33-BBF9-41FE-8FB4-7578986C22E2}.Debug|Any CPU.Build.0 = Debug|Any CPU
		{5DBE7D33-BBF9-41FE-8FB4-7578986C22E2}.Release|Any CPU.ActiveCfg = Release|Any CPU
		{5DBE7D33-BBF9-41FE-8FB4-7578986C22E2}.Release|Any CPU.Build.0 = Release|Any CPU
		{6B4BE7EE-635F-4A6F-8F45-A05D17A55071}.Debug|Any CPU.ActiveCfg = Debug|Any CPU
		{6B4BE7EE-635F-4A6F-8F45-A05D17A55071}.Debug|Any CPU.Build.0 = Debug|Any CPU
		{6B4BE7EE-635F-4A6F-8F45-A05D17A55071}.Release|Any CPU.ActiveCfg = Release|Any CPU
		{6B4BE7EE-635F-4A6F-8F45-A05D17A55071}.Release|Any CPU.Build.0 = Release|Any CPU
		{EE6B5069-E5EF-44F1-8DB9-B5CBC3A6E7EB}.Debug|Any CPU.ActiveCfg = Debug|Any CPU
		{EE6B5069-E5EF-44F1-8DB9-B5CBC3A6E7EB}.Debug|Any CPU.Build.0 = Debug|Any CPU
		{EE6B5069-E5EF-44F1-8DB9-B5CBC3A6E7EB}.Release|Any CPU.ActiveCfg = Release|Any CPU
		{EE6B5069-E5EF-44F1-8DB9-B5CBC3A6E7EB}.Release|Any CPU.Build.0 = Release|Any CPU
		{FBA504F4-C9CA-4C8B-B94B-6485F8BC9A4C}.Debug|Any CPU.ActiveCfg = Debug|Any CPU
		{FBA504F4-C9CA-4C8B-B94B-6485F8BC9A4C}.Debug|Any CPU.Build.0 = Debug|Any CPU
		{FBA504F4-C9CA-4C8B-B94B-6485F8BC9A4C}.Release|Any CPU.ActiveCfg = Release|Any CPU
		{FBA504F4-C9CA-4C8B-B94B-6485F8BC9A4C}.Release|Any CPU.Build.0 = Release|Any CPU
	EndGlobalSection
	GlobalSection(SolutionProperties) = preSolution
		HideSolutionNode = FALSE
	EndGlobalSection
	GlobalSection(ExtensibilityGlobals) = postSolution
		SolutionGuid = {3BC64BE7-BC71-4B75-85A0-2005471BE52F}
	EndGlobalSection
EndGlobal
